// !$*UTF8*$!
{
	archiveVersion = 1;
	classes = {
	};
	objectVersion = 46;
	objects = {

/* Begin PBXBuildFile section */
		0448942E1DF7835900963146 /* UpdateImages.swift in Sources */ = {isa = PBXBuildFile; fileRef = 0448942D1DF7835900963146 /* UpdateImages.swift */; };
		044894361DF7F4F700963146 /* ArcanaData.swift in Sources */ = {isa = PBXBuildFile; fileRef = 044894351DF7F4F700963146 /* ArcanaData.swift */; };
		044AB0151D8DFD6400B6678F /* AppDelegate.swift in Sources */ = {isa = PBXBuildFile; fileRef = 044AB0141D8DFD6400B6678F /* AppDelegate.swift */; };
		044AB0171D8DFD6400B6678F /* ViewController.swift in Sources */ = {isa = PBXBuildFile; fileRef = 044AB0161D8DFD6400B6678F /* ViewController.swift */; };
		044AB01A1D8DFD6400B6678F /* Main.storyboard in Resources */ = {isa = PBXBuildFile; fileRef = 044AB0181D8DFD6400B6678F /* Main.storyboard */; };
		044AB01C1D8DFD6400B6678F /* Assets.xcassets in Resources */ = {isa = PBXBuildFile; fileRef = 044AB01B1D8DFD6400B6678F /* Assets.xcassets */; };
		044AB01F1D8DFD6400B6678F /* LaunchScreen.storyboard in Resources */ = {isa = PBXBuildFile; fileRef = 044AB01D1D8DFD6400B6678F /* LaunchScreen.storyboard */; };
		044AB0291D8DFDC600B6678F /* arcanaData.txt in Resources */ = {isa = PBXBuildFile; fileRef = 044AB0261D8DFDC600B6678F /* arcanaData.txt */; };
		044AB02A1D8DFDC600B6678F /* ArcanaDatabase.swift in Sources */ = {isa = PBXBuildFile; fileRef = 044AB0271D8DFDC600B6678F /* ArcanaDatabase.swift */; };
		044AB02B1D8DFDC600B6678F /* GlobalConstants.swift in Sources */ = {isa = PBXBuildFile; fileRef = 044AB0281D8DFDC600B6678F /* GlobalConstants.swift */; };
		044E07061DF2B90500A187D6 /* Upload.swift in Sources */ = {isa = PBXBuildFile; fileRef = 044E07051DF2B90500A187D6 /* Upload.swift */; };
		04A001B21DFA6BEB00C9A967 /* Weapon.swift in Sources */ = {isa = PBXBuildFile; fileRef = 04A001B11DFA6BEB00C9A967 /* Weapon.swift */; };
		04A001B41DFA742700C9A967 /* Affiliation.swift in Sources */ = {isa = PBXBuildFile; fileRef = 04A001B31DFA742700C9A967 /* Affiliation.swift */; };
		04C0FCEC1DF5270200F434F8 /* GoogleService-Info.plist in Resources */ = {isa = PBXBuildFile; fileRef = 04C0FCEB1DF5270200F434F8 /* GoogleService-Info.plist */; };
		04F243AA1DF8BBB600BC48D5 /* ArcanaDatabaseTests.swift in Sources */ = {isa = PBXBuildFile; fileRef = 04F243A91DF8BBB600BC48D5 /* ArcanaDatabaseTests.swift */; };
		04F243B61DF8C65D00BC48D5 /* Tavern.swift in Sources */ = {isa = PBXBuildFile; fileRef = 04F243B51DF8C65D00BC48D5 /* Tavern.swift */; };
		04F3CD8B1DA38D2C0026D5AF /* Arcana.swift in Sources */ = {isa = PBXBuildFile; fileRef = 04F3CD8A1DA38D2C0026D5AF /* Arcana.swift */; };
		2D32BB44290516072E6B516B /* Pods_ArcanaDatabase.framework in Frameworks */ = {isa = PBXBuildFile; fileRef = 1E09681E1836C3DB035C4AE7 /* Pods_ArcanaDatabase.framework */; };
		F0769E80FC77B0CC950A3A39 /* Pods_ArcanaDatabaseTests.framework in Frameworks */ = {isa = PBXBuildFile; fileRef = 8038754D1D0FCFA36785498E /* Pods_ArcanaDatabaseTests.framework */; };
/* End PBXBuildFile section */

/* Begin PBXContainerItemProxy section */
		04F243AC1DF8BBB600BC48D5 /* PBXContainerItemProxy */ = {
			isa = PBXContainerItemProxy;
			containerPortal = 044AB0091D8DFD6400B6678F /* Project object */;
			proxyType = 1;
			remoteGlobalIDString = 044AB0101D8DFD6400B6678F;
			remoteInfo = ArcanaDatabase;
		};
/* End PBXContainerItemProxy section */

/* Begin PBXFileReference section */
		0448942D1DF7835900963146 /* UpdateImages.swift */ = {isa = PBXFileReference; fileEncoding = 4; lastKnownFileType = sourcecode.swift; path = UpdateImages.swift; sourceTree = "<group>"; };
		044894351DF7F4F700963146 /* ArcanaData.swift */ = {isa = PBXFileReference; fileEncoding = 4; lastKnownFileType = sourcecode.swift; path = ArcanaData.swift; sourceTree = "<group>"; };
		044AB0111D8DFD6400B6678F /* ArcanaDatabase.app */ = {isa = PBXFileReference; explicitFileType = wrapper.application; includeInIndex = 0; path = ArcanaDatabase.app; sourceTree = BUILT_PRODUCTS_DIR; };
		044AB0141D8DFD6400B6678F /* AppDelegate.swift */ = {isa = PBXFileReference; lastKnownFileType = sourcecode.swift; path = AppDelegate.swift; sourceTree = "<group>"; };
		044AB0161D8DFD6400B6678F /* ViewController.swift */ = {isa = PBXFileReference; lastKnownFileType = sourcecode.swift; path = ViewController.swift; sourceTree = "<group>"; };
		044AB0191D8DFD6400B6678F /* Base */ = {isa = PBXFileReference; lastKnownFileType = file.storyboard; name = Base; path = Base.lproj/Main.storyboard; sourceTree = "<group>"; };
		044AB01B1D8DFD6400B6678F /* Assets.xcassets */ = {isa = PBXFileReference; lastKnownFileType = folder.assetcatalog; path = Assets.xcassets; sourceTree = "<group>"; };
		044AB01E1D8DFD6400B6678F /* Base */ = {isa = PBXFileReference; lastKnownFileType = file.storyboard; name = Base; path = Base.lproj/LaunchScreen.storyboard; sourceTree = "<group>"; };
		044AB0201D8DFD6400B6678F /* Info.plist */ = {isa = PBXFileReference; lastKnownFileType = text.plist.xml; path = Info.plist; sourceTree = "<group>"; };
		044AB0261D8DFDC600B6678F /* arcanaData.txt */ = {isa = PBXFileReference; fileEncoding = 4; lastKnownFileType = text; path = arcanaData.txt; sourceTree = "<group>"; };
		044AB0271D8DFDC600B6678F /* ArcanaDatabase.swift */ = {isa = PBXFileReference; fileEncoding = 4; lastKnownFileType = sourcecode.swift; path = ArcanaDatabase.swift; sourceTree = "<group>"; };
		044AB0281D8DFDC600B6678F /* GlobalConstants.swift */ = {isa = PBXFileReference; fileEncoding = 4; lastKnownFileType = sourcecode.swift; path = GlobalConstants.swift; sourceTree = "<group>"; };
		044E07051DF2B90500A187D6 /* Upload.swift */ = {isa = PBXFileReference; fileEncoding = 4; lastKnownFileType = sourcecode.swift; path = Upload.swift; sourceTree = "<group>"; };
		0499C9C41D90894E00552175 /* ArcanaDatabase.entitlements */ = {isa = PBXFileReference; lastKnownFileType = text.plist.entitlements; path = ArcanaDatabase.entitlements; sourceTree = "<group>"; };
		04A001B11DFA6BEB00C9A967 /* Weapon.swift */ = {isa = PBXFileReference; fileEncoding = 4; lastKnownFileType = sourcecode.swift; path = Weapon.swift; sourceTree = "<group>"; };
		04A001B31DFA742700C9A967 /* Affiliation.swift */ = {isa = PBXFileReference; fileEncoding = 4; lastKnownFileType = sourcecode.swift; path = Affiliation.swift; sourceTree = "<group>"; };
		04C0FCEB1DF5270200F434F8 /* GoogleService-Info.plist */ = {isa = PBXFileReference; fileEncoding = 4; lastKnownFileType = text.plist.xml; path = "GoogleService-Info.plist"; sourceTree = "<group>"; };
		04F243A71DF8BBB600BC48D5 /* ArcanaDatabaseTests.xctest */ = {isa = PBXFileReference; explicitFileType = wrapper.cfbundle; includeInIndex = 0; path = ArcanaDatabaseTests.xctest; sourceTree = BUILT_PRODUCTS_DIR; };
		04F243A91DF8BBB600BC48D5 /* ArcanaDatabaseTests.swift */ = {isa = PBXFileReference; lastKnownFileType = sourcecode.swift; path = ArcanaDatabaseTests.swift; sourceTree = "<group>"; };
		04F243AB1DF8BBB600BC48D5 /* Info.plist */ = {isa = PBXFileReference; lastKnownFileType = text.plist.xml; path = Info.plist; sourceTree = "<group>"; };
		04F243B51DF8C65D00BC48D5 /* Tavern.swift */ = {isa = PBXFileReference; fileEncoding = 4; lastKnownFileType = sourcecode.swift; path = Tavern.swift; sourceTree = "<group>"; };
		04F3CD8A1DA38D2C0026D5AF /* Arcana.swift */ = {isa = PBXFileReference; fileEncoding = 4; lastKnownFileType = sourcecode.swift; path = Arcana.swift; sourceTree = "<group>"; };
		0EB4105AF6E80ACF6446C865 /* Pods-ArcanaDatabase.release.xcconfig */ = {isa = PBXFileReference; includeInIndex = 1; lastKnownFileType = text.xcconfig; name = "Pods-ArcanaDatabase.release.xcconfig"; path = "Pods/Target Support Files/Pods-ArcanaDatabase/Pods-ArcanaDatabase.release.xcconfig"; sourceTree = "<group>"; };
		18C1C6343E1BF50E303D6136 /* Pods-ArcanaDatabaseTests.release.xcconfig */ = {isa = PBXFileReference; includeInIndex = 1; lastKnownFileType = text.xcconfig; name = "Pods-ArcanaDatabaseTests.release.xcconfig"; path = "Pods/Target Support Files/Pods-ArcanaDatabaseTests/Pods-ArcanaDatabaseTests.release.xcconfig"; sourceTree = "<group>"; };
		1E09681E1836C3DB035C4AE7 /* Pods_ArcanaDatabase.framework */ = {isa = PBXFileReference; explicitFileType = wrapper.framework; includeInIndex = 0; path = Pods_ArcanaDatabase.framework; sourceTree = BUILT_PRODUCTS_DIR; };
		30413E90C0939B58766D250D /* Pods-ArcanaDatabase.debug.xcconfig */ = {isa = PBXFileReference; includeInIndex = 1; lastKnownFileType = text.xcconfig; name = "Pods-ArcanaDatabase.debug.xcconfig"; path = "Pods/Target Support Files/Pods-ArcanaDatabase/Pods-ArcanaDatabase.debug.xcconfig"; sourceTree = "<group>"; };
		5A36E42A22248D365D85EF92 /* Pods-ArcanaDatabaseTests.debug.xcconfig */ = {isa = PBXFileReference; includeInIndex = 1; lastKnownFileType = text.xcconfig; name = "Pods-ArcanaDatabaseTests.debug.xcconfig"; path = "Pods/Target Support Files/Pods-ArcanaDatabaseTests/Pods-ArcanaDatabaseTests.debug.xcconfig"; sourceTree = "<group>"; };
		8038754D1D0FCFA36785498E /* Pods_ArcanaDatabaseTests.framework */ = {isa = PBXFileReference; explicitFileType = wrapper.framework; includeInIndex = 0; path = Pods_ArcanaDatabaseTests.framework; sourceTree = BUILT_PRODUCTS_DIR; };
/* End PBXFileReference section */

/* Begin PBXFrameworksBuildPhase section */
		044AB00E1D8DFD6400B6678F /* Frameworks */ = {
			isa = PBXFrameworksBuildPhase;
			buildActionMask = 2147483647;
			files = (
				2D32BB44290516072E6B516B /* Pods_ArcanaDatabase.framework in Frameworks */,
			);
			runOnlyForDeploymentPostprocessing = 0;
		};
		04F243A41DF8BBB600BC48D5 /* Frameworks */ = {
			isa = PBXFrameworksBuildPhase;
			buildActionMask = 2147483647;
			files = (
				F0769E80FC77B0CC950A3A39 /* Pods_ArcanaDatabaseTests.framework in Frameworks */,
			);
			runOnlyForDeploymentPostprocessing = 0;
		};
/* End PBXFrameworksBuildPhase section */

/* Begin PBXGroup section */
		044AB0081D8DFD6400B6678F = {
			isa = PBXGroup;
			children = (
				044AB0131D8DFD6400B6678F /* ArcanaDatabase */,
				04F243A81DF8BBB600BC48D5 /* ArcanaDatabaseTests */,
				044AB0121D8DFD6400B6678F /* Products */,
				EC436BF1CF039D08A2C55BAA /* Pods */,
				1DF3A7A05AE6CCDF0C1B903D /* Frameworks */,
			);
			sourceTree = "<group>";
		};
		044AB0121D8DFD6400B6678F /* Products */ = {
			isa = PBXGroup;
			children = (
				044AB0111D8DFD6400B6678F /* ArcanaDatabase.app */,
				04F243A71DF8BBB600BC48D5 /* ArcanaDatabaseTests.xctest */,
			);
			name = Products;
			sourceTree = "<group>";
		};
		044AB0131D8DFD6400B6678F /* ArcanaDatabase */ = {
			isa = PBXGroup;
			children = (
				0499C9C41D90894E00552175 /* ArcanaDatabase.entitlements */,
				044AB0261D8DFDC600B6678F /* arcanaData.txt */,
				044894351DF7F4F700963146 /* ArcanaData.swift */,
				044AB0271D8DFDC600B6678F /* ArcanaDatabase.swift */,
				0448942D1DF7835900963146 /* UpdateImages.swift */,
				044AB0281D8DFDC600B6678F /* GlobalConstants.swift */,
				044E07051DF2B90500A187D6 /* Upload.swift */,
				044AB0141D8DFD6400B6678F /* AppDelegate.swift */,
				04F243B51DF8C65D00BC48D5 /* Tavern.swift */,
				04A001B31DFA742700C9A967 /* Affiliation.swift */,
				04A001B11DFA6BEB00C9A967 /* Weapon.swift */,
				044AB0161D8DFD6400B6678F /* ViewController.swift */,
				044AB0181D8DFD6400B6678F /* Main.storyboard */,
				04F3CD8A1DA38D2C0026D5AF /* Arcana.swift */,
				044AB01B1D8DFD6400B6678F /* Assets.xcassets */,
				044AB01D1D8DFD6400B6678F /* LaunchScreen.storyboard */,
				044AB0201D8DFD6400B6678F /* Info.plist */,
				04C0FCEB1DF5270200F434F8 /* GoogleService-Info.plist */,
			);
			path = ArcanaDatabase;
			sourceTree = "<group>";
		};
		04F243A81DF8BBB600BC48D5 /* ArcanaDatabaseTests */ = {
			isa = PBXGroup;
			children = (
				04F243A91DF8BBB600BC48D5 /* ArcanaDatabaseTests.swift */,
				04F243AB1DF8BBB600BC48D5 /* Info.plist */,
			);
			path = ArcanaDatabaseTests;
			sourceTree = "<group>";
		};
		1DF3A7A05AE6CCDF0C1B903D /* Frameworks */ = {
			isa = PBXGroup;
			children = (
				1E09681E1836C3DB035C4AE7 /* Pods_ArcanaDatabase.framework */,
				8038754D1D0FCFA36785498E /* Pods_ArcanaDatabaseTests.framework */,
			);
			name = Frameworks;
			sourceTree = "<group>";
		};
		EC436BF1CF039D08A2C55BAA /* Pods */ = {
			isa = PBXGroup;
			children = (
				30413E90C0939B58766D250D /* Pods-ArcanaDatabase.debug.xcconfig */,
				0EB4105AF6E80ACF6446C865 /* Pods-ArcanaDatabase.release.xcconfig */,
				5A36E42A22248D365D85EF92 /* Pods-ArcanaDatabaseTests.debug.xcconfig */,
				18C1C6343E1BF50E303D6136 /* Pods-ArcanaDatabaseTests.release.xcconfig */,
			);
			name = Pods;
			sourceTree = "<group>";
		};
/* End PBXGroup section */

/* Begin PBXNativeTarget section */
		044AB0101D8DFD6400B6678F /* ArcanaDatabase */ = {
			isa = PBXNativeTarget;
			buildConfigurationList = 044AB0231D8DFD6400B6678F /* Build configuration list for PBXNativeTarget "ArcanaDatabase" */;
			buildPhases = (
				D0F16CA0C27197ED348F33E2 /* [CP] Check Pods Manifest.lock */,
				044AB00D1D8DFD6400B6678F /* Sources */,
				044AB00E1D8DFD6400B6678F /* Frameworks */,
				044AB00F1D8DFD6400B6678F /* Resources */,
				56881639EA85CA203E0AB7C5 /* [CP] Embed Pods Frameworks */,
				76EFC1F4B458DE2C71D77755 /* [CP] Copy Pods Resources */,
			);
			buildRules = (
			);
			dependencies = (
			);
			name = ArcanaDatabase;
			productName = ArcanaDatabase;
			productReference = 044AB0111D8DFD6400B6678F /* ArcanaDatabase.app */;
			productType = "com.apple.product-type.application";
		};
		04F243A61DF8BBB600BC48D5 /* ArcanaDatabaseTests */ = {
			isa = PBXNativeTarget;
			buildConfigurationList = 04F243B01DF8BBB600BC48D5 /* Build configuration list for PBXNativeTarget "ArcanaDatabaseTests" */;
			buildPhases = (
				D0266312D0F5031A6D35053F /* [CP] Check Pods Manifest.lock */,
				04F243A31DF8BBB600BC48D5 /* Sources */,
				04F243A41DF8BBB600BC48D5 /* Frameworks */,
				04F243A51DF8BBB600BC48D5 /* Resources */,
				0C49B34EDFACB923B0EFC553 /* [CP] Embed Pods Frameworks */,
				C1C2B2266DC80AA81C905DA8 /* [CP] Copy Pods Resources */,
			);
			buildRules = (
			);
			dependencies = (
				04F243AD1DF8BBB600BC48D5 /* PBXTargetDependency */,
			);
			name = ArcanaDatabaseTests;
			productName = ArcanaDatabaseTests;
			productReference = 04F243A71DF8BBB600BC48D5 /* ArcanaDatabaseTests.xctest */;
			productType = "com.apple.product-type.bundle.unit-test";
		};
/* End PBXNativeTarget section */

/* Begin PBXProject section */
		044AB0091D8DFD6400B6678F /* Project object */ = {
			isa = PBXProject;
			attributes = {
				LastSwiftUpdateCheck = 0810;
				LastUpgradeCheck = 0800;
				ORGANIZATIONNAME = "Jitae Kim";
				TargetAttributes = {
					044AB0101D8DFD6400B6678F = {
						CreatedOnToolsVersion = 8.0;
						DevelopmentTeam = 3NP653TDUD;
						LastSwiftMigration = 0800;
						ProvisioningStyle = Automatic;
						SystemCapabilities = {
							com.apple.Keychain = {
								enabled = 1;
							};
						};
					};
					04F243A61DF8BBB600BC48D5 = {
						CreatedOnToolsVersion = 8.1;
						DevelopmentTeam = 3NP653TDUD;
						ProvisioningStyle = Automatic;
						TestTargetID = 044AB0101D8DFD6400B6678F;
					};
				};
			};
			buildConfigurationList = 044AB00C1D8DFD6400B6678F /* Build configuration list for PBXProject "ArcanaDatabase" */;
			compatibilityVersion = "Xcode 3.2";
			developmentRegion = English;
			hasScannedForEncodings = 0;
			knownRegions = (
				en,
				Base,
			);
			mainGroup = 044AB0081D8DFD6400B6678F;
			productRefGroup = 044AB0121D8DFD6400B6678F /* Products */;
			projectDirPath = "";
			projectRoot = "";
			targets = (
				044AB0101D8DFD6400B6678F /* ArcanaDatabase */,
				04F243A61DF8BBB600BC48D5 /* ArcanaDatabaseTests */,
			);
		};
/* End PBXProject section */

/* Begin PBXResourcesBuildPhase section */
		044AB00F1D8DFD6400B6678F /* Resources */ = {
			isa = PBXResourcesBuildPhase;
			buildActionMask = 2147483647;
			files = (
				044AB0291D8DFDC600B6678F /* arcanaData.txt in Resources */,
				044AB01F1D8DFD6400B6678F /* LaunchScreen.storyboard in Resources */,
				04C0FCEC1DF5270200F434F8 /* GoogleService-Info.plist in Resources */,
				044AB01C1D8DFD6400B6678F /* Assets.xcassets in Resources */,
				044AB01A1D8DFD6400B6678F /* Main.storyboard in Resources */,
			);
			runOnlyForDeploymentPostprocessing = 0;
		};
		04F243A51DF8BBB600BC48D5 /* Resources */ = {
			isa = PBXResourcesBuildPhase;
			buildActionMask = 2147483647;
			files = (
			);
			runOnlyForDeploymentPostprocessing = 0;
		};
/* End PBXResourcesBuildPhase section */

/* Begin PBXShellScriptBuildPhase section */
		0C49B34EDFACB923B0EFC553 /* [CP] Embed Pods Frameworks */ = {
			isa = PBXShellScriptBuildPhase;
			buildActionMask = 2147483647;
			files = (
			);
			inputPaths = (
			);
			name = "[CP] Embed Pods Frameworks";
			outputPaths = (
			);
			runOnlyForDeploymentPostprocessing = 0;
			shellPath = /bin/sh;
			shellScript = "\"${SRCROOT}/Pods/Target Support Files/Pods-ArcanaDatabaseTests/Pods-ArcanaDatabaseTests-frameworks.sh\"\n";
			showEnvVarsInLog = 0;
		};
		56881639EA85CA203E0AB7C5 /* [CP] Embed Pods Frameworks */ = {
			isa = PBXShellScriptBuildPhase;
			buildActionMask = 2147483647;
			files = (
			);
			inputPaths = (
			);
			name = "[CP] Embed Pods Frameworks";
			outputPaths = (
			);
			runOnlyForDeploymentPostprocessing = 0;
			shellPath = /bin/sh;
			shellScript = "\"${SRCROOT}/Pods/Target Support Files/Pods-ArcanaDatabase/Pods-ArcanaDatabase-frameworks.sh\"\n";
			showEnvVarsInLog = 0;
		};
		76EFC1F4B458DE2C71D77755 /* [CP] Copy Pods Resources */ = {
			isa = PBXShellScriptBuildPhase;
			buildActionMask = 2147483647;
			files = (
			);
			inputPaths = (
			);
			name = "[CP] Copy Pods Resources";
			outputPaths = (
			);
			runOnlyForDeploymentPostprocessing = 0;
			shellPath = /bin/sh;
			shellScript = "\"${SRCROOT}/Pods/Target Support Files/Pods-ArcanaDatabase/Pods-ArcanaDatabase-resources.sh\"\n";
			showEnvVarsInLog = 0;
		};
		C1C2B2266DC80AA81C905DA8 /* [CP] Copy Pods Resources */ = {
			isa = PBXShellScriptBuildPhase;
			buildActionMask = 2147483647;
			files = (
			);
			inputPaths = (
			);
			name = "[CP] Copy Pods Resources";
			outputPaths = (
			);
			runOnlyForDeploymentPostprocessing = 0;
			shellPath = /bin/sh;
			shellScript = "\"${SRCROOT}/Pods/Target Support Files/Pods-ArcanaDatabaseTests/Pods-ArcanaDatabaseTests-resources.sh\"\n";
			showEnvVarsInLog = 0;
		};
		D0266312D0F5031A6D35053F /* [CP] Check Pods Manifest.lock */ = {
			isa = PBXShellScriptBuildPhase;
			buildActionMask = 2147483647;
			files = (
			);
			inputPaths = (
			);
			name = "[CP] Check Pods Manifest.lock";
			outputPaths = (
			);
			runOnlyForDeploymentPostprocessing = 0;
			shellPath = /bin/sh;
			shellScript = "diff \"${PODS_ROOT}/../Podfile.lock\" \"${PODS_ROOT}/Manifest.lock\" > /dev/null\nif [ $? != 0 ] ; then\n    # print error to STDERR\n    echo \"error: The sandbox is not in sync with the Podfile.lock. Run 'pod install' or update your CocoaPods installation.\" >&2\n    exit 1\nfi\n";
			showEnvVarsInLog = 0;
		};
		D0F16CA0C27197ED348F33E2 /* [CP] Check Pods Manifest.lock */ = {
			isa = PBXShellScriptBuildPhase;
			buildActionMask = 2147483647;
			files = (
			);
			inputPaths = (
			);
			name = "[CP] Check Pods Manifest.lock";
			outputPaths = (
			);
			runOnlyForDeploymentPostprocessing = 0;
			shellPath = /bin/sh;
			shellScript = "diff \"${PODS_ROOT}/../Podfile.lock\" \"${PODS_ROOT}/Manifest.lock\" > /dev/null\nif [ $? != 0 ] ; then\n    # print error to STDERR\n    echo \"error: The sandbox is not in sync with the Podfile.lock. Run 'pod install' or update your CocoaPods installation.\" >&2\n    exit 1\nfi\n";
			showEnvVarsInLog = 0;
		};
/* End PBXShellScriptBuildPhase section */

/* Begin PBXSourcesBuildPhase section */
		044AB00D1D8DFD6400B6678F /* Sources */ = {
			isa = PBXSourcesBuildPhase;
			buildActionMask = 2147483647;
			files = (
				044E07061DF2B90500A187D6 /* Upload.swift in Sources */,
				044AB0171D8DFD6400B6678F /* ViewController.swift in Sources */,
				044AB0151D8DFD6400B6678F /* AppDelegate.swift in Sources */,
				044894361DF7F4F700963146 /* ArcanaData.swift in Sources */,
				044AB02B1D8DFDC600B6678F /* GlobalConstants.swift in Sources */,
				04A001B21DFA6BEB00C9A967 /* Weapon.swift in Sources */,
				044AB02A1D8DFDC600B6678F /* ArcanaDatabase.swift in Sources */,
				04A001B41DFA742700C9A967 /* Affiliation.swift in Sources */,
				04F3CD8B1DA38D2C0026D5AF /* Arcana.swift in Sources */,
				0448942E1DF7835900963146 /* UpdateImages.swift in Sources */,
				04F243B61DF8C65D00BC48D5 /* Tavern.swift in Sources */,
			);
			runOnlyForDeploymentPostprocessing = 0;
		};
		04F243A31DF8BBB600BC48D5 /* Sources */ = {
			isa = PBXSourcesBuildPhase;
			buildActionMask = 2147483647;
			files = (
				04F243AA1DF8BBB600BC48D5 /* ArcanaDatabaseTests.swift in Sources */,
			);
			runOnlyForDeploymentPostprocessing = 0;
		};
/* End PBXSourcesBuildPhase section */

/* Begin PBXTargetDependency section */
		04F243AD1DF8BBB600BC48D5 /* PBXTargetDependency */ = {
			isa = PBXTargetDependency;
			target = 044AB0101D8DFD6400B6678F /* ArcanaDatabase */;
			targetProxy = 04F243AC1DF8BBB600BC48D5 /* PBXContainerItemProxy */;
		};
/* End PBXTargetDependency section */

/* Begin PBXVariantGroup section */
		044AB0181D8DFD6400B6678F /* Main.storyboard */ = {
			isa = PBXVariantGroup;
			children = (
				044AB0191D8DFD6400B6678F /* Base */,
			);
			name = Main.storyboard;
			sourceTree = "<group>";
		};
		044AB01D1D8DFD6400B6678F /* LaunchScreen.storyboard */ = {
			isa = PBXVariantGroup;
			children = (
				044AB01E1D8DFD6400B6678F /* Base */,
			);
			name = LaunchScreen.storyboard;
			sourceTree = "<group>";
		};
/* End PBXVariantGroup section */

/* Begin XCBuildConfiguration section */
		044AB0211D8DFD6400B6678F /* Debug */ = {
			isa = XCBuildConfiguration;
			buildSettings = {
				ALWAYS_SEARCH_USER_PATHS = NO;
				CLANG_ANALYZER_NONNULL = YES;
				CLANG_CXX_LANGUAGE_STANDARD = "gnu++0x";
				CLANG_CXX_LIBRARY = "libc++";
				CLANG_ENABLE_MODULES = YES;
				CLANG_ENABLE_OBJC_ARC = YES;
				CLANG_WARN_BOOL_CONVERSION = YES;
				CLANG_WARN_CONSTANT_CONVERSION = YES;
				CLANG_WARN_DIRECT_OBJC_ISA_USAGE = YES_ERROR;
				CLANG_WARN_DOCUMENTATION_COMMENTS = YES;
				CLANG_WARN_EMPTY_BODY = YES;
				CLANG_WARN_ENUM_CONVERSION = YES;
				CLANG_WARN_INFINITE_RECURSION = YES;
				CLANG_WARN_INT_CONVERSION = YES;
				CLANG_WARN_OBJC_ROOT_CLASS = YES_ERROR;
				CLANG_WARN_SUSPICIOUS_MOVE = YES;
				CLANG_WARN_SUSPICIOUS_MOVES = YES;
				CLANG_WARN_UNREACHABLE_CODE = YES;
				CLANG_WARN__DUPLICATE_METHOD_MATCH = YES;
				"CODE_SIGN_IDENTITY[sdk=iphoneos*]" = "iPhone Developer";
				COPY_PHASE_STRIP = NO;
				DEBUG_INFORMATION_FORMAT = dwarf;
				ENABLE_STRICT_OBJC_MSGSEND = YES;
				ENABLE_TESTABILITY = YES;
				GCC_C_LANGUAGE_STANDARD = gnu99;
				GCC_DYNAMIC_NO_PIC = NO;
				GCC_NO_COMMON_BLOCKS = YES;
				GCC_OPTIMIZATION_LEVEL = 0;
				GCC_PREPROCESSOR_DEFINITIONS = (
					"DEBUG=1",
					"$(inherited)",
				);
				GCC_WARN_64_TO_32_BIT_CONVERSION = YES;
				GCC_WARN_ABOUT_RETURN_TYPE = YES_ERROR;
				GCC_WARN_UNDECLARED_SELECTOR = YES;
				GCC_WARN_UNINITIALIZED_AUTOS = YES_AGGRESSIVE;
				GCC_WARN_UNUSED_FUNCTION = YES;
				GCC_WARN_UNUSED_VARIABLE = YES;
				IPHONEOS_DEPLOYMENT_TARGET = 9.0;
				MTL_ENABLE_DEBUG_INFO = YES;
				ONLY_ACTIVE_ARCH = YES;
				SDKROOT = iphoneos;
				SWIFT_ACTIVE_COMPILATION_CONDITIONS = DEBUG;
				SWIFT_OPTIMIZATION_LEVEL = "-Onone";
			};
			name = Debug;
		};
		044AB0221D8DFD6400B6678F /* Release */ = {
			isa = XCBuildConfiguration;
			buildSettings = {
				ALWAYS_SEARCH_USER_PATHS = NO;
				CLANG_ANALYZER_NONNULL = YES;
				CLANG_CXX_LANGUAGE_STANDARD = "gnu++0x";
				CLANG_CXX_LIBRARY = "libc++";
				CLANG_ENABLE_MODULES = YES;
				CLANG_ENABLE_OBJC_ARC = YES;
				CLANG_WARN_BOOL_CONVERSION = YES;
				CLANG_WARN_CONSTANT_CONVERSION = YES;
				CLANG_WARN_DIRECT_OBJC_ISA_USAGE = YES_ERROR;
				CLANG_WARN_DOCUMENTATION_COMMENTS = YES;
				CLANG_WARN_EMPTY_BODY = YES;
				CLANG_WARN_ENUM_CONVERSION = YES;
				CLANG_WARN_INFINITE_RECURSION = YES;
				CLANG_WARN_INT_CONVERSION = YES;
				CLANG_WARN_OBJC_ROOT_CLASS = YES_ERROR;
				CLANG_WARN_SUSPICIOUS_MOVE = YES;
				CLANG_WARN_SUSPICIOUS_MOVES = YES;
				CLANG_WARN_UNREACHABLE_CODE = YES;
				CLANG_WARN__DUPLICATE_METHOD_MATCH = YES;
				"CODE_SIGN_IDENTITY[sdk=iphoneos*]" = "iPhone Developer";
				COPY_PHASE_STRIP = NO;
				DEBUG_INFORMATION_FORMAT = "dwarf-with-dsym";
				ENABLE_NS_ASSERTIONS = NO;
				ENABLE_STRICT_OBJC_MSGSEND = YES;
				GCC_C_LANGUAGE_STANDARD = gnu99;
				GCC_NO_COMMON_BLOCKS = YES;
				GCC_WARN_64_TO_32_BIT_CONVERSION = YES;
				GCC_WARN_ABOUT_RETURN_TYPE = YES_ERROR;
				GCC_WARN_UNDECLARED_SELECTOR = YES;
				GCC_WARN_UNINITIALIZED_AUTOS = YES_AGGRESSIVE;
				GCC_WARN_UNUSED_FUNCTION = YES;
				GCC_WARN_UNUSED_VARIABLE = YES;
				IPHONEOS_DEPLOYMENT_TARGET = 9.0;
				MTL_ENABLE_DEBUG_INFO = NO;
				SDKROOT = iphoneos;
				SWIFT_OPTIMIZATION_LEVEL = "-Owholemodule";
				VALIDATE_PRODUCT = YES;
			};
			name = Release;
		};
		044AB0241D8DFD6400B6678F /* Debug */ = {
			isa = XCBuildConfiguration;
			baseConfigurationReference = 30413E90C0939B58766D250D /* Pods-ArcanaDatabase.debug.xcconfig */;
			buildSettings = {
				ALWAYS_EMBED_SWIFT_STANDARD_LIBRARIES = YES;
				ASSETCATALOG_COMPILER_APPICON_NAME = AppIcon;
				CODE_SIGN_ENTITLEMENTS = ArcanaDatabase/ArcanaDatabase.entitlements;
				DEFINES_MODULE = YES;
				DEVELOPMENT_TEAM = 3NP653TDUD;
				INFOPLIST_FILE = ArcanaDatabase/Info.plist;
				IPHONEOS_DEPLOYMENT_TARGET = 9.0;
				LD_RUNPATH_SEARCH_PATHS = "$(inherited) @executable_path/Frameworks";
				PRODUCT_BUNDLE_IDENTIFIER = com.jk.ArcanaDatabase;
				PRODUCT_NAME = "$(TARGET_NAME)";
				SWIFT_VERSION = 3.0;
			};
			name = Debug;
		};
		044AB0251D8DFD6400B6678F /* Release */ = {
			isa = XCBuildConfiguration;
			baseConfigurationReference = 0EB4105AF6E80ACF6446C865 /* Pods-ArcanaDatabase.release.xcconfig */;
			buildSettings = {
				ALWAYS_EMBED_SWIFT_STANDARD_LIBRARIES = YES;
				ASSETCATALOG_COMPILER_APPICON_NAME = AppIcon;
				CODE_SIGN_ENTITLEMENTS = ArcanaDatabase/ArcanaDatabase.entitlements;
				DEFINES_MODULE = YES;
				DEVELOPMENT_TEAM = 3NP653TDUD;
				INFOPLIST_FILE = ArcanaDatabase/Info.plist;
				IPHONEOS_DEPLOYMENT_TARGET = 9.0;
				LD_RUNPATH_SEARCH_PATHS = "$(inherited) @executable_path/Frameworks";
				PRODUCT_BUNDLE_IDENTIFIER = com.jk.ArcanaDatabase;
				PRODUCT_NAME = "$(TARGET_NAME)";
				SWIFT_VERSION = 3.0;
			};
			name = Release;
		};
		04F243AE1DF8BBB600BC48D5 /* Debug */ = {
			isa = XCBuildConfiguration;
			baseConfigurationReference = 5A36E42A22248D365D85EF92 /* Pods-ArcanaDatabaseTests.debug.xcconfig */;
			buildSettings = {
				BUNDLE_LOADER = "$(TEST_HOST)";
				DEVELOPMENT_TEAM = 3NP653TDUD;
				INFOPLIST_FILE = ArcanaDatabaseTests/Info.plist;
				IPHONEOS_DEPLOYMENT_TARGET = 10.1;
				LD_RUNPATH_SEARCH_PATHS = "$(inherited) @executable_path/Frameworks @loader_path/Frameworks";
				PRODUCT_BUNDLE_IDENTIFIER = com.jk.ArcanaDatabaseTests;
				PRODUCT_NAME = "$(TARGET_NAME)";
				SWIFT_VERSION = 3.0;
				TEST_HOST = "$(BUILT_PRODUCTS_DIR)/ArcanaDatabase.app/ArcanaDatabase";
			};
			name = Debug;
		};
		04F243AF1DF8BBB600BC48D5 /* Release */ = {
			isa = XCBuildConfiguration;
			baseConfigurationReference = 18C1C6343E1BF50E303D6136 /* Pods-ArcanaDatabaseTests.release.xcconfig */;
			buildSettings = {
				BUNDLE_LOADER = "$(TEST_HOST)";
				DEVELOPMENT_TEAM = 3NP653TDUD;
				INFOPLIST_FILE = ArcanaDatabaseTests/Info.plist;
				IPHONEOS_DEPLOYMENT_TARGET = 10.1;
				LD_RUNPATH_SEARCH_PATHS = "$(inherited) @executable_path/Frameworks @loader_path/Frameworks";
				PRODUCT_BUNDLE_IDENTIFIER = com.jk.ArcanaDatabaseTests;
				PRODUCT_NAME = "$(TARGET_NAME)";
				SWIFT_VERSION = 3.0;
				TEST_HOST = "$(BUILT_PRODUCTS_DIR)/ArcanaDatabase.app/ArcanaDatabase";
			};
			name = Release;
		};
/* End XCBuildConfiguration section */

/* Begin XCConfigurationList section */
		044AB00C1D8DFD6400B6678F /* Build configuration list for PBXProject "ArcanaDatabase" */ = {
			isa = XCConfigurationList;
			buildConfigurations = (
				044AB0211D8DFD6400B6678F /* Debug */,
				044AB0221D8DFD6400B6678F /* Release */,
			);
			defaultConfigurationIsVisible = 0;
			defaultConfigurationName = Release;
		};
		044AB0231D8DFD6400B6678F /* Build configuration list for PBXNativeTarget "ArcanaDatabase" */ = {
			isa = XCConfigurationList;
			buildConfigurations = (
				044AB0241D8DFD6400B6678F /* Debug */,
				044AB0251D8DFD6400B6678F /* Release */,
			);
			defaultConfigurationIsVisible = 0;
			defaultConfigurationName = Release;
		};
		04F243B01DF8BBB600BC48D5 /* Build configuration list for PBXNativeTarget "ArcanaDatabaseTests" */ = {
			isa = XCConfigurationList;
			buildConfigurations = (
				04F243AE1DF8BBB600BC48D5 /* Debug */,
				04F243AF1DF8BBB600BC48D5 /* Release */,
			);
			defaultConfigurationIsVisible = 0;
			defaultConfigurationName = Release;
		};
/* End XCConfigurationList section */
	};
	rootObject = 044AB0091D8DFD6400B6678F /* Project object */;
}
