// !$*UTF8*$!
{
	archiveVersion = 1;
	classes = {
	};
	objectVersion = 46;
	objects = {

/* Begin PBXBuildFile section */
		044AB0151D8DFD6400B6678F /* AppDelegate.swift in Sources */ = {isa = PBXBuildFile; fileRef = 044AB0141D8DFD6400B6678F /* AppDelegate.swift */; };
		044AB0171D8DFD6400B6678F /* ViewController.swift in Sources */ = {isa = PBXBuildFile; fileRef = 044AB0161D8DFD6400B6678F /* ViewController.swift */; };
		044AB01A1D8DFD6400B6678F /* Main.storyboard in Resources */ = {isa = PBXBuildFile; fileRef = 044AB0181D8DFD6400B6678F /* Main.storyboard */; };
		044AB01C1D8DFD6400B6678F /* Assets.xcassets in Resources */ = {isa = PBXBuildFile; fileRef = 044AB01B1D8DFD6400B6678F /* Assets.xcassets */; };
		044AB01F1D8DFD6400B6678F /* LaunchScreen.storyboard in Resources */ = {isa = PBXBuildFile; fileRef = 044AB01D1D8DFD6400B6678F /* LaunchScreen.storyboard */; };
/* End PBXBuildFile section */

/* Begin PBXFileReference section */
		044AB0111D8DFD6400B6678F /* ArcanaDatabase.app */ = {isa = PBXFileReference; explicitFileType = wrapper.application; includeInIndex = 0; path = ArcanaDatabase.app; sourceTree = BUILT_PRODUCTS_DIR; };
		044AB0141D8DFD6400B6678F /* AppDelegate.swift */ = {isa = PBXFileReference; lastKnownFileType = sourcecode.swift; path = AppDelegate.swift; sourceTree = "<group>"; };
		044AB0161D8DFD6400B6678F /* ViewController.swift */ = {isa = PBXFileReference; lastKnownFileType = sourcecode.swift; path = ViewController.swift; sourceTree = "<group>"; };
		044AB0191D8DFD6400B6678F /* Base */ = {isa = PBXFileReference; lastKnownFileType = file.storyboard; name = Base; path = Base.lproj/Main.storyboard; sourceTree = "<group>"; };
		044AB01B1D8DFD6400B6678F /* Assets.xcassets */ = {isa = PBXFileReference; lastKnownFileType = folder.assetcatalog; path = Assets.xcassets; sourceTree = "<group>"; };
		044AB01E1D8DFD6400B6678F /* Base */ = {isa = PBXFileReference; lastKnownFileType = file.storyboard; name = Base; path = Base.lproj/LaunchScreen.storyboard; sourceTree = "<group>"; };
		044AB0201D8DFD6400B6678F /* Info.plist */ = {isa = PBXFileReference; lastKnownFileType = text.plist.xml; path = Info.plist; sourceTree = "<group>"; };
/* End PBXFileReference section */

/* Begin PBXFrameworksBuildPhase section */
		044AB00E1D8DFD6400B6678F /* Frameworks */ = {
			isa = PBXFrameworksBuildPhase;
			buildActionMask = 2147483647;
			files = (
			);
			runOnlyForDeploymentPostprocessing = 0;
		};
/* End PBXFrameworksBuildPhase section */

/* Begin PBXGroup section */
		044AB0081D8DFD6400B6678F = {
			isa = PBXGroup;
			children = (
				044AB0131D8DFD6400B6678F /* ArcanaDatabase */,
				044AB0121D8DFD6400B6678F /* Products */,
			);
			sourceTree = "<group>";
		};
		044AB0121D8DFD6400B6678F /* Products */ = {
			isa = PBXGroup;
			children = (
				044AB0111D8DFD6400B6678F /* ArcanaDatabase.app */,
			);
			name = Products;
			sourceTree = "<group>";
		};
		044AB0131D8DFD6400B6678F /* ArcanaDatabase */ = {
			isa = PBXGroup;
			children = (
				044AB0141D8DFD6400B6678F /* AppDelegate.swift */,
				044AB0161D8DFD6400B6678F /* ViewController.swift */,
				044AB0181D8DFD6400B6678F /* Main.storyboard */,
				044AB01B1D8DFD6400B6678F /* Assets.xcassets */,
				044AB01D1D8DFD6400B6678F /* LaunchScreen.storyboard */,
				044AB0201D8DFD6400B6678F /* Info.plist */,
			);
			path = ArcanaDatabase;
			sourceTree = "<group>";
		};
/* End PBXGroup section */

/* Begin PBXNativeTarget section */
		044AB0101D8DFD6400B6678F /* ArcanaDatabase */ = {
			isa = PBXNativeTarget;
			buildConfigurationList = 044AB0231D8DFD6400B6678F /* Build configuration list for PBXNativeTarget "ArcanaDatabase" */;
			buildPhases = (
				044AB00D1D8DFD6400B6678F /* Sources */,
				044AB00E1D8DFD6400B6678F /* Frameworks */,
				044AB00F1D8DFD6400B6678F /* Resources */,
			);
			buildRules = (
			);
			dependencies = (
			);
			name = ArcanaDatabase;
			productName = ArcanaDatabase;
			productReference = 044AB0111D8DFD6400B6678F /* ArcanaDatabase.app */;
			productType = "com.apple.product-type.application";
		};
/* End PBXNativeTarget section */

/* Begin PBXProject section */
		044AB0091D8DFD6400B6678F /* Project object */ = {
			isa = PBXProject;
			attributes = {
				LastSwiftUpdateCheck = 0800;
				LastUpgradeCheck = 0800;
				ORGANIZATIONNAME = "Jitae Kim";
				TargetAttributes = {
					044AB0101D8DFD6400B6678F = {
						CreatedOnToolsVersion = 8.0;
						ProvisioningStyle = Automatic;
					};
				};
			};
			buildConfigurationList = 044AB00C1D8DFD6400B6678F /* Build configuration list for PBXProject "ArcanaDatabase" */;
			compatibilityVersion = "Xcode 3.2";
			developmentRegion = English;
			hasScannedForEncodings = 0;
			knownRegions = (
				en,
				Base,
			);
			mainGroup = 044AB0081D8DFD6400B6678F;
			productRefGroup = 044AB0121D8DFD6400B6678F /* Products */;
			projectDirPath = "";
			projectRoot = "";
			targets = (
				044AB0101D8DFD6400B6678F /* ArcanaDatabase */,
			);
		};
/* End PBXProject section */

/* Begin PBXResourcesBuildPhase section */
		044AB00F1D8DFD6400B6678F /* Resources */ = {
			isa = PBXResourcesBuildPhase;
			buildActionMask = 2147483647;
			files = (
				044AB01F1D8DFD6400B6678F /* LaunchScreen.storyboard in Resources */,
				044AB01C1D8DFD6400B6678F /* Assets.xcassets in Resources */,
				044AB01A1D8DFD6400B6678F /* Main.storyboard in Resources */,
			);
			runOnlyForDeploymentPostprocessing = 0;
		};
/* End PBXResourcesBuildPhase section */

/* Begin PBXSourcesBuildPhase section */
		044AB00D1D8DFD6400B6678F /* Sources */ = {
			isa = PBXSourcesBuildPhase;
			buildActionMask = 2147483647;
			files = (
				044AB0171D8DFD6400B6678F /* ViewController.swift in Sources */,
				044AB0151D8DFD6400B6678F /* AppDelegate.swift in Sources */,
			);
			runOnlyForDeploymentPostprocessing = 0;
		};
/* End PBXSourcesBuildPhase section */

/* Begin PBXVariantGroup section */
		044AB0181D8DFD6400B6678F /* Main.storyboard */ = {
			isa = PBXVariantGroup;
			children = (
				044AB0191D8DFD6400B6678F /* Base */,
			);
			name = Main.storyboard;
			sourceTree = "<group>";
		};
		044AB01D1D8DFD6400B6678F /* LaunchScreen.storyboard */ = {
			isa = PBXVariantGroup;
			children = (
				044AB01E1D8DFD6400B6678F /* Base */,
			);
			name = LaunchScreen.storyboard;
			sourceTree = "<group>";
		};
/* End PBXVariantGroup section */

/* Begin XCBuildConfiguration section */
		044AB0211D8DFD6400B6678F /* Debug */ = {
			isa = XCBuildConfiguration;
			buildSettings = {
				ALWAYS_SEARCH_USER_PATHS = NO;
				CLANG_ANALYZER_NONNULL = YES;
				CLANG_CXX_LANGUAGE_STANDARD = "gnu++0x";
				CLANG_CXX_LIBRARY = "libc++";
				CLANG_ENABLE_MODULES = YES;
				CLANG_ENABLE_OBJC_ARC = YES;
				CLANG_WARN_BOOL_CONVERSION = YES;
				CLANG_WARN_CONSTANT_CONVERSION = YES;
				CLANG_WARN_DIRECT_OBJC_ISA_USAGE = YES_ERROR;
				CLANG_WARN_DOCUMENTATION_COMMENTS = YES;
				CLANG_WARN_EMPTY_BODY = YES;
				CLANG_WARN_ENUM_CONVERSION = YES;
				CLANG_WARN_INFINITE_RECURSION = YES;
				CLANG_WARN_INT_CONVERSION = YES;
				CLANG_WARN_OBJC_ROOT_CLASS = YES_ERROR;
				CLANG_WARN_SUSPICIOUS_MOVES = YES;
				CLANG_WARN_UNREACHABLE_CODE = YES;
				CLANG_WARN__DUPLICATE_METHOD_MATCH = YES;
				"CODE_SIGN_IDENTITY[sdk=iphoneos*]" = "iPhone Developer";
				COPY_PHASE_STRIP = NO;
				DEBUG_INFORMATION_FORMAT = dwarf;
				ENABLE_STRICT_OBJC_MSGSEND = YES;
				ENABLE_TESTABILITY = YES;
				GCC_C_LANGUAGE_STANDARD = gnu99;
				GCC_DYNAMIC_NO_PIC = NO;
				GCC_NO_COMMON_BLOCKS = YES;
				GCC_OPTIMIZATION_LEVEL = 0;
				GCC_PREPROCESSOR_DEFINITIONS = (
					"DEBUG=1",
					"$(inherited)",
				);
				GCC_WARN_64_TO_32_BIT_CONVERSION = YES;
				GCC_WARN_ABOUT_RETURN_TYPE = YES_ERROR;
				GCC_WARN_UNDECLARED_SELECTOR = YES;
				GCC_WARN_UNINITIALIZED_AUTOS = YES_AGGRESSIVE;
				GCC_WARN_UNUSED_FUNCTION = YES;
				GCC_WARN_UNUSED_VARIABLE = YES;
				IPHONEOS_DEPLOYMENT_TARGET = 10.0;
				MTL_ENABLE_DEBUG_INFO = YES;
				ONLY_ACTIVE_ARCH = YES;
				SDKROOT = iphoneos;
				SWIFT_ACTIVE_COMPILATION_CONDITIONS = DEBUG;
				SWIFT_OPTIMIZATION_LEVEL = "-Onone";
			};
			name = Debug;
		};
		044AB0221D8DFD6400B6678F /* Release */ = {
			isa = XCBuildConfiguration;
			buildSettings = {
				ALWAYS_SEARCH_USER_PATHS = NO;
				CLANG_ANALYZER_NONNULL = YES;
				CLANG_CXX_LANGUAGE_STANDARD = "gnu++0x";
				CLANG_CXX_LIBRARY = "libc++";
				CLANG_ENABLE_MODULES = YES;
				CLANG_ENABLE_OBJC_ARC = YES;
				CLANG_WARN_BOOL_CONVERSION = YES;
				CLANG_WARN_CONSTANT_CONVERSION = YES;
				CLANG_WARN_DIRECT_OBJC_ISA_USAGE = YES_ERROR;
				CLANG_WARN_DOCUMENTATION_COMMENTS = YES;
				CLANG_WARN_EMPTY_BODY = YES;
				CLANG_WARN_ENUM_CONVERSION = YES;
				CLANG_WARN_INFINITE_RECURSION = YES;
				CLANG_WARN_INT_CONVERSION = YES;
				CLANG_WARN_OBJC_ROOT_CLASS = YES_ERROR;
				CLANG_WARN_SUSPICIOUS_MOVES = YES;
				CLANG_WARN_UNREACHABLE_CODE = YES;
				CLANG_WARN__DUPLICATE_METHOD_MATCH = YES;
				"CODE_SIGN_IDENTITY[sdk=iphoneos*]" = "iPhone Developer";
				COPY_PHASE_STRIP = NO;
				DEBUG_INFORMATION_FORMAT = "dwarf-with-dsym";
				ENABLE_NS_ASSERTIONS = NO;
				ENABLE_STRICT_OBJC_MSGSEND = YES;
				GCC_C_LANGUAGE_STANDARD = gnu99;
				GCC_NO_COMMON_BLOCKS = YES;
				GCC_WARN_64_TO_32_BIT_CONVERSION = YES;
				GCC_WARN_ABOUT_RETURN_TYPE = YES_ERROR;
				GCC_WARN_UNDECLARED_SELECTOR = YES;
				GCC_WARN_UNINITIALIZED_AUTOS = YES_AGGRESSIVE;
				GCC_WARN_UNUSED_FUNCTION = YES;
				GCC_WARN_UNUSED_VARIABLE = YES;
				IPHONEOS_DEPLOYMENT_TARGET = 10.0;
				MTL_ENABLE_DEBUG_INFO = NO;
				SDKROOT = iphoneos;
				SWIFT_OPTIMIZATION_LEVEL = "-Owholemodule";
				VALIDATE_PRODUCT = YES;
			};
			name = Release;
		};
		044AB0241D8DFD6400B6678F /* Debug */ = {
			isa = XCBuildConfiguration;
			buildSettings = {
				ASSETCATALOG_COMPILER_APPICON_NAME = AppIcon;
				INFOPLIST_FILE = ArcanaDatabase/Info.plist;
				LD_RUNPATH_SEARCH_PATHS = "$(inherited) @executable_path/Frameworks";
				PRODUCT_BUNDLE_IDENTIFIER = com.jk.ArcanaDatabase;
				PRODUCT_NAME = "$(TARGET_NAME)";
				SWIFT_VERSION = 3.0;
			};
			name = Debug;
		};
		044AB0251D8DFD6400B6678F /* Release */ = {
			isa = XCBuildConfiguration;
			buildSettings = {
				ASSETCATALOG_COMPILER_APPICON_NAME = AppIcon;
				INFOPLIST_FILE = ArcanaDatabase/Info.plist;
				LD_RUNPATH_SEARCH_PATHS = "$(inherited) @executable_path/Frameworks";
				PRODUCT_BUNDLE_IDENTIFIER = com.jk.ArcanaDatabase;
				PRODUCT_NAME = "$(TARGET_NAME)";
				SWIFT_VERSION = 3.0;
			};
			name = Release;
		};
/* End XCBuildConfiguration section */

/* Begin XCConfigurationList section */
		044AB00C1D8DFD6400B6678F /* Build configuration list for PBXProject "ArcanaDatabase" */ = {
			isa = XCConfigurationList;
			buildConfigurations = (
				044AB0211D8DFD6400B6678F /* Debug */,
				044AB0221D8DFD6400B6678F /* Release */,
			);
			defaultConfigurationIsVisible = 0;
			defaultConfigurationName = Release;
		};
		044AB0231D8DFD6400B6678F /* Build configuration list for PBXNativeTarget "ArcanaDatabase" */ = {
			isa = XCConfigurationList;
			buildConfigurations = (
				044AB0241D8DFD6400B6678F /* Debug */,
				044AB0251D8DFD6400B6678F /* Release */,
			);
			defaultConfigurationIsVisible = 0;
		};
/* End XCConfigurationList section */
	};
	rootObject = 044AB0091D8DFD6400B6678F /* Project object */;
}
